
Microsoft Visual Studio Solution File, Format Version 12.00
# Visual Studio Version 16
VisualStudioVersion = 16.0.29728.190
MinimumVisualStudioVersion = 10.0.40219.1
Project("{8BC9CEB8-8B4A-11D0-8D11-00A0C91BC942}") = "Trainer", "Trainer\Trainer.vcxproj", "{FD3FE52F-49E9-448C-AF0F-50D6B1A510AC}"
EndProject
Global
	GlobalSection(SolutionConfigurationPlatforms) = preSolution
		Debug|x64 = Debug|x64
		Debug|x86 = Debug|x86
		Release|x64 = Release|x64
		Release|x86 = Release|x86
	EndGlobalSection
	GlobalSection(ProjectConfigurationPlatforms) = postSolution
		{FD3FE52F-49E9-448C-AF0F-50D6B1A510AC}.Debug|x64.ActiveCfg = Debug|x64
		{FD3FE52F-49E9-448C-AF0F-50D6B1A510AC}.Debug|x64.Build.0 = Debug|x64
		{FD3FE52F-49E9-448C-AF0F-50D6B1A510AC}.Debug|x86.ActiveCfg = Debug|Win32
		{FD3FE52F-49E9-448C-AF0F-50D6B1A510AC}.Debug|x86.Build.0 = Debug|Win32
		{FD3FE52F-49E9-448C-AF0F-50D6B1A510AC}.Release|x64.ActiveCfg = Release|x64
		{FD3FE52F-49E9-448C-AF0F-50D6B1A510AC}.Release|x64.Build.0 = Release|x64
		{FD3FE52F-49E9-448C-AF0F-50D6B1A510AC}.Release|x86.ActiveCfg = Release|Win32
		{FD3FE52F-49E9-448C-AF0F-50D6B1A510AC}.Release|x86.Build.0 = Release|Win32
	EndGlobalSection
	GlobalSection(SolutionProperties) = preSolution
		HideSolutionNode = FALSE
	EndGlobalSection
	GlobalSection(ExtensibilityGlobals) = postSolution
		SolutionGuid = {D4BCB287-87B9-444C-986F-A430292B3D6B}
	EndGlobalSection
EndGlobal
